// !$*UTF8*$!
{
	archiveVersion = 1;
	classes = {
	};
	objectVersion = 46;
	objects = {

/* Begin PBXBuildFile section */
		951DCC851CDB960B0011EA76 /* OctBOM.swift in Sources */ = {isa = PBXBuildFile; fileRef = 951DCC841CDB960B0011EA76 /* OctBOM.swift */; };
		951DCC8A1CDB96D40011EA76 /* CHCSVParser.m in Sources */ = {isa = PBXBuildFile; fileRef = 951DCC881CDB96D40011EA76 /* CHCSVParser.m */; };
		951DCC8B1CDB96D40011EA76 /* CHCSVParserOptions.swift in Sources */ = {isa = PBXBuildFile; fileRef = 951DCC891CDB96D40011EA76 /* CHCSVParserOptions.swift */; };
		952477F61CD4BABC00E8D65B /* OctURLTextField.swift in Sources */ = {isa = PBXBuildFile; fileRef = 952477F51CD4BABC00E8D65B /* OctURLTextField.swift */; };
		95520AC61CC4263800266FB7 /* OctItem+CoreDataProperties.swift in Sources */ = {isa = PBXBuildFile; fileRef = 95520AC41CC4263800266FB7 /* OctItem+CoreDataProperties.swift */; };
		95520AC71CC4263800266FB7 /* OctItem.swift in Sources */ = {isa = PBXBuildFile; fileRef = 95520AC51CC4263800266FB7 /* OctItem.swift */; };
		95520ACA1CC4E20800266FB7 /* OctSearch.swift in Sources */ = {isa = PBXBuildFile; fileRef = 95520AC91CC4E20800266FB7 /* OctSearch.swift */; };
		95520ACC1CC4E2A600266FB7 /* OctDetails.swift in Sources */ = {isa = PBXBuildFile; fileRef = 95520ACB1CC4E2A600266FB7 /* OctDetails.swift */; };
		95520ACE1CC4E34000266FB7 /* OctSheets.swift in Sources */ = {isa = PBXBuildFile; fileRef = 95520ACD1CC4E34000266FB7 /* OctSheets.swift */; };
		955BDD3D1CD3B3B80055E553 /* OctCustomPart.swift in Sources */ = {isa = PBXBuildFile; fileRef = 955BDD3C1CD3B3B80055E553 /* OctCustomPart.swift */; };
		9563C13E1CDE70690052A3A1 /* Credits.rtf in Resources */ = {isa = PBXBuildFile; fileRef = 9563C13D1CDE70690052A3A1 /* Credits.rtf */; };
		9575B9AE1CCC69C700DAEF11 /* Help.pdf in Resources */ = {isa = PBXBuildFile; fileRef = 9575B9AD1CCC69C700DAEF11 /* Help.pdf */; };
		9575B9B01CCC6A1200DAEF11 /* Help.xib in Resources */ = {isa = PBXBuildFile; fileRef = 9575B9AF1CCC6A1200DAEF11 /* Help.xib */; };
		9575B9B21CCC6C2C00DAEF11 /* OctHelp.swift in Sources */ = {isa = PBXBuildFile; fileRef = 9575B9B11CCC6C2C00DAEF11 /* OctHelp.swift */; };
		95A57A911CD90FBE00874407 /* oct_folder.png in Resources */ = {isa = PBXBuildFile; fileRef = 95A57A901CD90FBE00874407 /* oct_folder.png */; };
		95A57A931CD91A2100874407 /* oct_part.png in Resources */ = {isa = PBXBuildFile; fileRef = 95A57A921CD91A2100874407 /* oct_part.png */; };
		95B1494B1CC73423006BEA63 /* OctTree.swift in Sources */ = {isa = PBXBuildFile; fileRef = 95B1494A1CC73423006BEA63 /* OctTree.swift */; };
		95DFB6281CCC460300B831DB /* powered.pdf in Resources */ = {isa = PBXBuildFile; fileRef = 95DFB6271CCC460300B831DB /* powered.pdf */; };
		95E5B3301C8BB2F20099F479 /* OctApp.swift in Sources */ = {isa = PBXBuildFile; fileRef = 95E5B32F1C8BB2F20099F479 /* OctApp.swift */; };
		95E5B3331C8BB2F20099F479 /* Octarine.xcdatamodeld in Sources */ = {isa = PBXBuildFile; fileRef = 95E5B3311C8BB2F20099F479 /* Octarine.xcdatamodeld */; };
		95E5B3351C8BB2F20099F479 /* Assets.xcassets in Resources */ = {isa = PBXBuildFile; fileRef = 95E5B3341C8BB2F20099F479 /* Assets.xcassets */; };
		95E5B3381C8BB2F20099F479 /* MainMenu.xib in Resources */ = {isa = PBXBuildFile; fileRef = 95E5B3361C8BB2F20099F479 /* MainMenu.xib */; };
		95E5B3431C8BB2F20099F479 /* OctarineTests.swift in Sources */ = {isa = PBXBuildFile; fileRef = 95E5B3421C8BB2F20099F479 /* OctarineTests.swift */; };
		95E5B34E1C8BB2F20099F479 /* OctarineUITests.swift in Sources */ = {isa = PBXBuildFile; fileRef = 95E5B34D1C8BB2F20099F479 /* OctarineUITests.swift */; };
		95E5B35C1C8BB6EF0099F479 /* Quartz.framework in Frameworks */ = {isa = PBXBuildFile; fileRef = 95E5B35B1C8BB6EF0099F479 /* Quartz.framework */; };
/* End PBXBuildFile section */

/* Begin PBXContainerItemProxy section */
		95E5B33F1C8BB2F20099F479 /* PBXContainerItemProxy */ = {
			isa = PBXContainerItemProxy;
			containerPortal = 95E5B3241C8BB2F20099F479 /* Project object */;
			proxyType = 1;
			remoteGlobalIDString = 95E5B32B1C8BB2F20099F479;
			remoteInfo = Octarine;
		};
		95E5B34A1C8BB2F20099F479 /* PBXContainerItemProxy */ = {
			isa = PBXContainerItemProxy;
			containerPortal = 95E5B3241C8BB2F20099F479 /* Project object */;
			proxyType = 1;
			remoteGlobalIDString = 95E5B32B1C8BB2F20099F479;
			remoteInfo = Octarine;
		};
/* End PBXContainerItemProxy section */

/* Begin PBXFileReference section */
		951DCC841CDB960B0011EA76 /* OctBOM.swift */ = {isa = PBXFileReference; fileEncoding = 4; lastKnownFileType = sourcecode.swift; path = OctBOM.swift; sourceTree = "<group>"; };
		951DCC861CDB96D30011EA76 /* Octarine-Bridging-Header.h */ = {isa = PBXFileReference; lastKnownFileType = sourcecode.c.h; path = "Octarine-Bridging-Header.h"; sourceTree = "<group>"; };
		951DCC871CDB96D40011EA76 /* CHCSVParser.h */ = {isa = PBXFileReference; fileEncoding = 4; lastKnownFileType = sourcecode.c.h; name = CHCSVParser.h; path = CHCSVParser/CHCSVParser/CHCSVParser/CHCSVParser.h; sourceTree = SOURCE_ROOT; };
		951DCC881CDB96D40011EA76 /* CHCSVParser.m */ = {isa = PBXFileReference; fileEncoding = 4; lastKnownFileType = sourcecode.c.objc; name = CHCSVParser.m; path = CHCSVParser/CHCSVParser/CHCSVParser/CHCSVParser.m; sourceTree = SOURCE_ROOT; };
		951DCC891CDB96D40011EA76 /* CHCSVParserOptions.swift */ = {isa = PBXFileReference; fileEncoding = 4; lastKnownFileType = sourcecode.swift; name = CHCSVParserOptions.swift; path = CHCSVParser/CHCSVParser/CHCSVParser/CHCSVParserOptions.swift; sourceTree = SOURCE_ROOT; };
		952477F51CD4BABC00E8D65B /* OctURLTextField.swift */ = {isa = PBXFileReference; fileEncoding = 4; lastKnownFileType = sourcecode.swift; path = OctURLTextField.swift; sourceTree = "<group>"; };
		95520AC41CC4263800266FB7 /* OctItem+CoreDataProperties.swift */ = {isa = PBXFileReference; fileEncoding = 4; lastKnownFileType = sourcecode.swift; path = "OctItem+CoreDataProperties.swift"; sourceTree = "<group>"; };
		95520AC51CC4263800266FB7 /* OctItem.swift */ = {isa = PBXFileReference; fileEncoding = 4; lastKnownFileType = sourcecode.swift; path = OctItem.swift; sourceTree = "<group>"; };
		95520AC91CC4E20800266FB7 /* OctSearch.swift */ = {isa = PBXFileReference; fileEncoding = 4; lastKnownFileType = sourcecode.swift; path = OctSearch.swift; sourceTree = "<group>"; };
		95520ACB1CC4E2A600266FB7 /* OctDetails.swift */ = {isa = PBXFileReference; fileEncoding = 4; lastKnownFileType = sourcecode.swift; path = OctDetails.swift; sourceTree = "<group>"; };
		95520ACD1CC4E34000266FB7 /* OctSheets.swift */ = {isa = PBXFileReference; fileEncoding = 4; lastKnownFileType = sourcecode.swift; path = OctSheets.swift; sourceTree = "<group>"; };
		955BDD3C1CD3B3B80055E553 /* OctCustomPart.swift */ = {isa = PBXFileReference; fileEncoding = 4; lastKnownFileType = sourcecode.swift; path = OctCustomPart.swift; sourceTree = "<group>"; };
		9563C13D1CDE70690052A3A1 /* Credits.rtf */ = {isa = PBXFileReference; fileEncoding = 4; lastKnownFileType = text.rtf; path = Credits.rtf; sourceTree = "<group>"; };
		9575B9AD1CCC69C700DAEF11 /* Help.pdf */ = {isa = PBXFileReference; lastKnownFileType = image.pdf; name = Help.pdf; path = Documentation/Help.pdf; sourceTree = SOURCE_ROOT; };
		9575B9AF1CCC6A1200DAEF11 /* Help.xib */ = {isa = PBXFileReference; fileEncoding = 4; lastKnownFileType = file.xib; path = Help.xib; sourceTree = "<group>"; };
		9575B9B11CCC6C2C00DAEF11 /* OctHelp.swift */ = {isa = PBXFileReference; fileEncoding = 4; lastKnownFileType = sourcecode.swift; path = OctHelp.swift; sourceTree = "<group>"; };
		95946F4F1C8BEDE000B56725 /* blue-octopart-logo.png */ = {isa = PBXFileReference; lastKnownFileType = image.png; name = "blue-octopart-logo.png"; path = "Artwork/blue-octopart-logo.png"; sourceTree = SOURCE_ROOT; };
		95A57A901CD90FBE00874407 /* oct_folder.png */ = {isa = PBXFileReference; lastKnownFileType = image.png; name = oct_folder.png; path = Artwork/oct_folder.png; sourceTree = SOURCE_ROOT; };
		95A57A921CD91A2100874407 /* oct_part.png */ = {isa = PBXFileReference; lastKnownFileType = image.png; name = oct_part.png; path = Artwork/oct_part.png; sourceTree = SOURCE_ROOT; };
		95B1494A1CC73423006BEA63 /* OctTree.swift */ = {isa = PBXFileReference; fileEncoding = 4; lastKnownFileType = sourcecode.swift; path = OctTree.swift; sourceTree = "<group>"; };
		95DFB6271CCC460300B831DB /* powered.pdf */ = {isa = PBXFileReference; lastKnownFileType = image.pdf; name = powered.pdf; path = Artwork/powered.pdf; sourceTree = SOURCE_ROOT; };
		95E5B32C1C8BB2F20099F479 /* Octarine.app */ = {isa = PBXFileReference; explicitFileType = wrapper.application; includeInIndex = 0; path = Octarine.app; sourceTree = BUILT_PRODUCTS_DIR; };
		95E5B32F1C8BB2F20099F479 /* OctApp.swift */ = {isa = PBXFileReference; lastKnownFileType = sourcecode.swift; path = OctApp.swift; sourceTree = "<group>"; };
		95E5B3321C8BB2F20099F479 /* Octarine.xcdatamodel */ = {isa = PBXFileReference; lastKnownFileType = wrapper.xcdatamodel; path = Octarine.xcdatamodel; sourceTree = "<group>"; };
		95E5B3341C8BB2F20099F479 /* Assets.xcassets */ = {isa = PBXFileReference; lastKnownFileType = folder.assetcatalog; path = Assets.xcassets; sourceTree = "<group>"; };
		95E5B3371C8BB2F20099F479 /* Base */ = {isa = PBXFileReference; lastKnownFileType = file.xib; name = Base; path = Base.lproj/MainMenu.xib; sourceTree = "<group>"; };
		95E5B3391C8BB2F20099F479 /* Info.plist */ = {isa = PBXFileReference; lastKnownFileType = text.plist.xml; path = Info.plist; sourceTree = "<group>"; };
		95E5B33E1C8BB2F20099F479 /* OctarineTests.xctest */ = {isa = PBXFileReference; explicitFileType = wrapper.cfbundle; includeInIndex = 0; path = OctarineTests.xctest; sourceTree = BUILT_PRODUCTS_DIR; };
		95E5B3421C8BB2F20099F479 /* OctarineTests.swift */ = {isa = PBXFileReference; lastKnownFileType = sourcecode.swift; path = OctarineTests.swift; sourceTree = "<group>"; };
		95E5B3441C8BB2F20099F479 /* Info.plist */ = {isa = PBXFileReference; lastKnownFileType = text.plist.xml; path = Info.plist; sourceTree = "<group>"; };
		95E5B3491C8BB2F20099F479 /* OctarineUITests.xctest */ = {isa = PBXFileReference; explicitFileType = wrapper.cfbundle; includeInIndex = 0; path = OctarineUITests.xctest; sourceTree = BUILT_PRODUCTS_DIR; };
		95E5B34D1C8BB2F20099F479 /* OctarineUITests.swift */ = {isa = PBXFileReference; lastKnownFileType = sourcecode.swift; path = OctarineUITests.swift; sourceTree = "<group>"; };
		95E5B34F1C8BB2F20099F479 /* Info.plist */ = {isa = PBXFileReference; lastKnownFileType = text.plist.xml; path = Info.plist; sourceTree = "<group>"; };
		95E5B35B1C8BB6EF0099F479 /* Quartz.framework */ = {isa = PBXFileReference; lastKnownFileType = wrapper.framework; name = Quartz.framework; path = System/Library/Frameworks/Quartz.framework; sourceTree = SDKROOT; };
/* End PBXFileReference section */

/* Begin PBXFrameworksBuildPhase section */
		95E5B3291C8BB2F20099F479 /* Frameworks */ = {
			isa = PBXFrameworksBuildPhase;
			buildActionMask = 2147483647;
			files = (
				95E5B35C1C8BB6EF0099F479 /* Quartz.framework in Frameworks */,
			);
			runOnlyForDeploymentPostprocessing = 0;
		};
		95E5B33B1C8BB2F20099F479 /* Frameworks */ = {
			isa = PBXFrameworksBuildPhase;
			buildActionMask = 2147483647;
			files = (
			);
			runOnlyForDeploymentPostprocessing = 0;
		};
		95E5B3461C8BB2F20099F479 /* Frameworks */ = {
			isa = PBXFrameworksBuildPhase;
			buildActionMask = 2147483647;
			files = (
			);
			runOnlyForDeploymentPostprocessing = 0;
		};
/* End PBXFrameworksBuildPhase section */

/* Begin PBXGroup section */
		951DCC8C1CDB96E10011EA76 /* CHCSVParser */ = {
			isa = PBXGroup;
			children = (
				951DCC871CDB96D40011EA76 /* CHCSVParser.h */,
				951DCC881CDB96D40011EA76 /* CHCSVParser.m */,
				951DCC891CDB96D40011EA76 /* CHCSVParserOptions.swift */,
			);
			name = CHCSVParser;
			sourceTree = "<group>";
		};
		9566EC071CC91EFA0052529D /* Resources */ = {
			isa = PBXGroup;
			children = (
				9563C13D1CDE70690052A3A1 /* Credits.rtf */,
				95E5B3341C8BB2F20099F479 /* Assets.xcassets */,
				95E5B3361C8BB2F20099F479 /* MainMenu.xib */,
				95E5B3391C8BB2F20099F479 /* Info.plist */,
				95E5B3311C8BB2F20099F479 /* Octarine.xcdatamodeld */,
				95E5B35B1C8BB6EF0099F479 /* Quartz.framework */,
				9575B9AF1CCC6A1200DAEF11 /* Help.xib */,
			);
			name = Resources;
			sourceTree = "<group>";
		};
		95946F511C8BEDE900B56725 /* Images */ = {
			isa = PBXGroup;
			children = (
				95A57A921CD91A2100874407 /* oct_part.png */,
				95A57A901CD90FBE00874407 /* oct_folder.png */,
				9575B9AD1CCC69C700DAEF11 /* Help.pdf */,
				95DFB6271CCC460300B831DB /* powered.pdf */,
				95946F4F1C8BEDE000B56725 /* blue-octopart-logo.png */,
			);
			name = Images;
			path = Octarine;
			sourceTree = "<group>";
		};
		95E5B3231C8BB2F20099F479 = {
			isa = PBXGroup;
			children = (
				95E5B32E1C8BB2F20099F479 /* Octarine */,
				95946F511C8BEDE900B56725 /* Images */,
				95E5B3411C8BB2F20099F479 /* OctarineTests */,
				95E5B34C1C8BB2F20099F479 /* OctarineUITests */,
				95E5B32D1C8BB2F20099F479 /* Products */,
			);
			sourceTree = "<group>";
		};
		95E5B32D1C8BB2F20099F479 /* Products */ = {
			isa = PBXGroup;
			children = (
				95E5B32C1C8BB2F20099F479 /* Octarine.app */,
				95E5B33E1C8BB2F20099F479 /* OctarineTests.xctest */,
				95E5B3491C8BB2F20099F479 /* OctarineUITests.xctest */,
			);
			name = Products;
			sourceTree = "<group>";
		};
		95E5B32E1C8BB2F20099F479 /* Octarine */ = {
			isa = PBXGroup;
			children = (
				951DCC8C1CDB96E10011EA76 /* CHCSVParser */,
				95E5B32F1C8BB2F20099F479 /* OctApp.swift */,
				95520ACB1CC4E2A600266FB7 /* OctDetails.swift */,
				95520AC91CC4E20800266FB7 /* OctSearch.swift */,
				95520ACD1CC4E34000266FB7 /* OctSheets.swift */,
				95520AC41CC4263800266FB7 /* OctItem+CoreDataProperties.swift */,
				95520AC51CC4263800266FB7 /* OctItem.swift */,
				95B1494A1CC73423006BEA63 /* OctTree.swift */,
				9575B9B11CCC6C2C00DAEF11 /* OctHelp.swift */,
				955BDD3C1CD3B3B80055E553 /* OctCustomPart.swift */,
				952477F51CD4BABC00E8D65B /* OctURLTextField.swift */,
				951DCC841CDB960B0011EA76 /* OctBOM.swift */,
				951DCC861CDB96D30011EA76 /* Octarine-Bridging-Header.h */,
				9566EC071CC91EFA0052529D /* Resources */,
			);
			path = Octarine;
			sourceTree = "<group>";
		};
		95E5B3411C8BB2F20099F479 /* OctarineTests */ = {
			isa = PBXGroup;
			children = (
				95E5B3421C8BB2F20099F479 /* OctarineTests.swift */,
				95E5B3441C8BB2F20099F479 /* Info.plist */,
			);
			path = OctarineTests;
			sourceTree = "<group>";
		};
		95E5B34C1C8BB2F20099F479 /* OctarineUITests */ = {
			isa = PBXGroup;
			children = (
				95E5B34D1C8BB2F20099F479 /* OctarineUITests.swift */,
				95E5B34F1C8BB2F20099F479 /* Info.plist */,
			);
			path = OctarineUITests;
			sourceTree = "<group>";
		};
/* End PBXGroup section */

/* Begin PBXNativeTarget section */
		95E5B32B1C8BB2F20099F479 /* Octarine */ = {
			isa = PBXNativeTarget;
			buildConfigurationList = 95E5B3521C8BB2F20099F479 /* Build configuration list for PBXNativeTarget "Octarine" */;
			buildPhases = (
				95E5B3281C8BB2F20099F479 /* Sources */,
				95E5B3291C8BB2F20099F479 /* Frameworks */,
				95E5B32A1C8BB2F20099F479 /* Resources */,
			);
			buildRules = (
			);
			dependencies = (
			);
			name = Octarine;
			productName = Octarine;
			productReference = 95E5B32C1C8BB2F20099F479 /* Octarine.app */;
			productType = "com.apple.product-type.application";
		};
		95E5B33D1C8BB2F20099F479 /* OctarineTests */ = {
			isa = PBXNativeTarget;
			buildConfigurationList = 95E5B3551C8BB2F20099F479 /* Build configuration list for PBXNativeTarget "OctarineTests" */;
			buildPhases = (
				95E5B33A1C8BB2F20099F479 /* Sources */,
				95E5B33B1C8BB2F20099F479 /* Frameworks */,
				95E5B33C1C8BB2F20099F479 /* Resources */,
			);
			buildRules = (
			);
			dependencies = (
				95E5B3401C8BB2F20099F479 /* PBXTargetDependency */,
			);
			name = OctarineTests;
			productName = OctarineTests;
			productReference = 95E5B33E1C8BB2F20099F479 /* OctarineTests.xctest */;
			productType = "com.apple.product-type.bundle.unit-test";
		};
		95E5B3481C8BB2F20099F479 /* OctarineUITests */ = {
			isa = PBXNativeTarget;
			buildConfigurationList = 95E5B3581C8BB2F20099F479 /* Build configuration list for PBXNativeTarget "OctarineUITests" */;
			buildPhases = (
				95E5B3451C8BB2F20099F479 /* Sources */,
				95E5B3461C8BB2F20099F479 /* Frameworks */,
				95E5B3471C8BB2F20099F479 /* Resources */,
			);
			buildRules = (
			);
			dependencies = (
				95E5B34B1C8BB2F20099F479 /* PBXTargetDependency */,
			);
			name = OctarineUITests;
			productName = OctarineUITests;
			productReference = 95E5B3491C8BB2F20099F479 /* OctarineUITests.xctest */;
			productType = "com.apple.product-type.bundle.ui-testing";
		};
/* End PBXNativeTarget section */

/* Begin PBXProject section */
		95E5B3241C8BB2F20099F479 /* Project object */ = {
			isa = PBXProject;
			attributes = {
				LastSwiftUpdateCheck = 0730;
				LastUpgradeCheck = 0730;
				ORGANIZATIONNAME = "Matthias Neeracher";
				TargetAttributes = {
					95E5B32B1C8BB2F20099F479 = {
						CreatedOnToolsVersion = 7.3;
					};
					95E5B33D1C8BB2F20099F479 = {
						CreatedOnToolsVersion = 7.3;
						TestTargetID = 95E5B32B1C8BB2F20099F479;
					};
					95E5B3481C8BB2F20099F479 = {
						CreatedOnToolsVersion = 7.3;
						TestTargetID = 95E5B32B1C8BB2F20099F479;
					};
				};
			};
			buildConfigurationList = 95E5B3271C8BB2F20099F479 /* Build configuration list for PBXProject "Octarine" */;
			compatibilityVersion = "Xcode 3.2";
			developmentRegion = English;
			hasScannedForEncodings = 0;
			knownRegions = (
				en,
				Base,
			);
			mainGroup = 95E5B3231C8BB2F20099F479;
			productRefGroup = 95E5B32D1C8BB2F20099F479 /* Products */;
			projectDirPath = "";
			projectRoot = "";
			targets = (
				95E5B32B1C8BB2F20099F479 /* Octarine */,
				95E5B33D1C8BB2F20099F479 /* OctarineTests */,
				95E5B3481C8BB2F20099F479 /* OctarineUITests */,
			);
		};
/* End PBXProject section */

/* Begin PBXResourcesBuildPhase section */
		95E5B32A1C8BB2F20099F479 /* Resources */ = {
			isa = PBXResourcesBuildPhase;
			buildActionMask = 2147483647;
			files = (
				95DFB6281CCC460300B831DB /* powered.pdf in Resources */,
				95A57A911CD90FBE00874407 /* oct_folder.png in Resources */,
				9575B9B01CCC6A1200DAEF11 /* Help.xib in Resources */,
				9563C13E1CDE70690052A3A1 /* Credits.rtf in Resources */,
				9575B9AE1CCC69C700DAEF11 /* Help.pdf in Resources */,
				95E5B3351C8BB2F20099F479 /* Assets.xcassets in Resources */,
				95E5B3381C8BB2F20099F479 /* MainMenu.xib in Resources */,
				95A57A931CD91A2100874407 /* oct_part.png in Resources */,
			);
			runOnlyForDeploymentPostprocessing = 0;
		};
		95E5B33C1C8BB2F20099F479 /* Resources */ = {
			isa = PBXResourcesBuildPhase;
			buildActionMask = 2147483647;
			files = (
			);
			runOnlyForDeploymentPostprocessing = 0;
		};
		95E5B3471C8BB2F20099F479 /* Resources */ = {
			isa = PBXResourcesBuildPhase;
			buildActionMask = 2147483647;
			files = (
			);
			runOnlyForDeploymentPostprocessing = 0;
		};
/* End PBXResourcesBuildPhase section */

/* Begin PBXSourcesBuildPhase section */
		95E5B3281C8BB2F20099F479 /* Sources */ = {
			isa = PBXSourcesBuildPhase;
			buildActionMask = 2147483647;
			files = (
				95520AC61CC4263800266FB7 /* OctItem+CoreDataProperties.swift in Sources */,
				95520AC71CC4263800266FB7 /* OctItem.swift in Sources */,
				95E5B3331C8BB2F20099F479 /* Octarine.xcdatamodeld in Sources */,
				95520ACE1CC4E34000266FB7 /* OctSheets.swift in Sources */,
				95520ACC1CC4E2A600266FB7 /* OctDetails.swift in Sources */,
				95E5B3301C8BB2F20099F479 /* OctApp.swift in Sources */,
				955BDD3D1CD3B3B80055E553 /* OctCustomPart.swift in Sources */,
				95B1494B1CC73423006BEA63 /* OctTree.swift in Sources */,
				9575B9B21CCC6C2C00DAEF11 /* OctHelp.swift in Sources */,
				951DCC8A1CDB96D40011EA76 /* CHCSVParser.m in Sources */,
				95520ACA1CC4E20800266FB7 /* OctSearch.swift in Sources */,
				952477F61CD4BABC00E8D65B /* OctURLTextField.swift in Sources */,
				951DCC851CDB960B0011EA76 /* OctBOM.swift in Sources */,
				951DCC8B1CDB96D40011EA76 /* CHCSVParserOptions.swift in Sources */,
			);
			runOnlyForDeploymentPostprocessing = 0;
		};
		95E5B33A1C8BB2F20099F479 /* Sources */ = {
			isa = PBXSourcesBuildPhase;
			buildActionMask = 2147483647;
			files = (
				95E5B3431C8BB2F20099F479 /* OctarineTests.swift in Sources */,
			);
			runOnlyForDeploymentPostprocessing = 0;
		};
		95E5B3451C8BB2F20099F479 /* Sources */ = {
			isa = PBXSourcesBuildPhase;
			buildActionMask = 2147483647;
			files = (
				95E5B34E1C8BB2F20099F479 /* OctarineUITests.swift in Sources */,
			);
			runOnlyForDeploymentPostprocessing = 0;
		};
/* End PBXSourcesBuildPhase section */

/* Begin PBXTargetDependency section */
		95E5B3401C8BB2F20099F479 /* PBXTargetDependency */ = {
			isa = PBXTargetDependency;
			target = 95E5B32B1C8BB2F20099F479 /* Octarine */;
			targetProxy = 95E5B33F1C8BB2F20099F479 /* PBXContainerItemProxy */;
		};
		95E5B34B1C8BB2F20099F479 /* PBXTargetDependency */ = {
			isa = PBXTargetDependency;
			target = 95E5B32B1C8BB2F20099F479 /* Octarine */;
			targetProxy = 95E5B34A1C8BB2F20099F479 /* PBXContainerItemProxy */;
		};
/* End PBXTargetDependency section */

/* Begin PBXVariantGroup section */
		95E5B3361C8BB2F20099F479 /* MainMenu.xib */ = {
			isa = PBXVariantGroup;
			children = (
				95E5B3371C8BB2F20099F479 /* Base */,
			);
			name = MainMenu.xib;
			sourceTree = "<group>";
		};
/* End PBXVariantGroup section */

/* Begin XCBuildConfiguration section */
		95E5B3501C8BB2F20099F479 /* Debug */ = {
			isa = XCBuildConfiguration;
			buildSettings = {
				ALWAYS_SEARCH_USER_PATHS = NO;
				CLANG_ANALYZER_NONNULL = YES;
				CLANG_CXX_LANGUAGE_STANDARD = "gnu++0x";
				CLANG_CXX_LIBRARY = "libc++";
				CLANG_ENABLE_MODULES = YES;
				CLANG_ENABLE_OBJC_ARC = YES;
				CLANG_WARN_BOOL_CONVERSION = YES;
				CLANG_WARN_CONSTANT_CONVERSION = YES;
				CLANG_WARN_DIRECT_OBJC_ISA_USAGE = YES_ERROR;
				CLANG_WARN_EMPTY_BODY = YES;
				CLANG_WARN_ENUM_CONVERSION = YES;
				CLANG_WARN_INT_CONVERSION = YES;
				CLANG_WARN_OBJC_ROOT_CLASS = YES_ERROR;
				CLANG_WARN_UNREACHABLE_CODE = YES;
				CLANG_WARN__DUPLICATE_METHOD_MATCH = YES;
				CODE_SIGN_IDENTITY = "-";
				COPY_PHASE_STRIP = NO;
				DEBUG_INFORMATION_FORMAT = dwarf;
				ENABLE_STRICT_OBJC_MSGSEND = YES;
				ENABLE_TESTABILITY = YES;
				GCC_C_LANGUAGE_STANDARD = gnu99;
				GCC_DYNAMIC_NO_PIC = NO;
				GCC_NO_COMMON_BLOCKS = YES;
				GCC_OPTIMIZATION_LEVEL = 0;
				GCC_PREPROCESSOR_DEFINITIONS = (
					"DEBUG=1",
					"$(inherited)",
				);
				GCC_WARN_64_TO_32_BIT_CONVERSION = YES;
				GCC_WARN_ABOUT_RETURN_TYPE = YES_ERROR;
				GCC_WARN_UNDECLARED_SELECTOR = YES;
				GCC_WARN_UNINITIALIZED_AUTOS = YES_AGGRESSIVE;
				GCC_WARN_UNUSED_FUNCTION = YES;
				GCC_WARN_UNUSED_VARIABLE = YES;
				MACOSX_DEPLOYMENT_TARGET = 10.11;
				MTL_ENABLE_DEBUG_INFO = YES;
				ONLY_ACTIVE_ARCH = YES;
				SDKROOT = macosx;
				SWIFT_OPTIMIZATION_LEVEL = "-Onone";
			};
			name = Debug;
		};
		95E5B3511C8BB2F20099F479 /* Release */ = {
			isa = XCBuildConfiguration;
			buildSettings = {
				ALWAYS_SEARCH_USER_PATHS = NO;
				CLANG_ANALYZER_NONNULL = YES;
				CLANG_CXX_LANGUAGE_STANDARD = "gnu++0x";
				CLANG_CXX_LIBRARY = "libc++";
				CLANG_ENABLE_MODULES = YES;
				CLANG_ENABLE_OBJC_ARC = YES;
				CLANG_WARN_BOOL_CONVERSION = YES;
				CLANG_WARN_CONSTANT_CONVERSION = YES;
				CLANG_WARN_DIRECT_OBJC_ISA_USAGE = YES_ERROR;
				CLANG_WARN_EMPTY_BODY = YES;
				CLANG_WARN_ENUM_CONVERSION = YES;
				CLANG_WARN_INT_CONVERSION = YES;
				CLANG_WARN_OBJC_ROOT_CLASS = YES_ERROR;
				CLANG_WARN_UNREACHABLE_CODE = YES;
				CLANG_WARN__DUPLICATE_METHOD_MATCH = YES;
				CODE_SIGN_IDENTITY = "-";
				COPY_PHASE_STRIP = NO;
				DEBUG_INFORMATION_FORMAT = "dwarf-with-dsym";
				ENABLE_NS_ASSERTIONS = NO;
				ENABLE_STRICT_OBJC_MSGSEND = YES;
				GCC_C_LANGUAGE_STANDARD = gnu99;
				GCC_NO_COMMON_BLOCKS = YES;
				GCC_WARN_64_TO_32_BIT_CONVERSION = YES;
				GCC_WARN_ABOUT_RETURN_TYPE = YES_ERROR;
				GCC_WARN_UNDECLARED_SELECTOR = YES;
				GCC_WARN_UNINITIALIZED_AUTOS = YES_AGGRESSIVE;
				GCC_WARN_UNUSED_FUNCTION = YES;
				GCC_WARN_UNUSED_VARIABLE = YES;
				MACOSX_DEPLOYMENT_TARGET = 10.11;
				MTL_ENABLE_DEBUG_INFO = NO;
				SDKROOT = macosx;
			};
			name = Release;
		};
		95E5B3531C8BB2F20099F479 /* Debug */ = {
			isa = XCBuildConfiguration;
			buildSettings = {
				ASSETCATALOG_COMPILER_APPICON_NAME = AppIcon;
				CLANG_ENABLE_MODULES = YES;
				COMBINE_HIDPI_IMAGES = YES;
				INFOPLIST_FILE = Octarine/Info.plist;
				LD_RUNPATH_SEARCH_PATHS = "$(inherited) @executable_path/../Frameworks";
				MACOSX_DEPLOYMENT_TARGET = 10.10;
				PRODUCT_BUNDLE_IDENTIFIER = org.aereperennius.Octarine;
				PRODUCT_NAME = "$(TARGET_NAME)";
				SWIFT_OBJC_BRIDGING_HEADER = "Octarine/Octarine-Bridging-Header.h";
				SWIFT_OPTIMIZATION_LEVEL = "-Onone";
			};
			name = Debug;
		};
		95E5B3541C8BB2F20099F479 /* Release */ = {
			isa = XCBuildConfiguration;
			buildSettings = {
				ASSETCATALOG_COMPILER_APPICON_NAME = AppIcon;
				CLANG_ENABLE_MODULES = YES;
				COMBINE_HIDPI_IMAGES = YES;
				INFOPLIST_FILE = Octarine/Info.plist;
				LD_RUNPATH_SEARCH_PATHS = "$(inherited) @executable_path/../Frameworks";
				MACOSX_DEPLOYMENT_TARGET = 10.10;
				PRODUCT_BUNDLE_IDENTIFIER = org.aereperennius.Octarine;
				PRODUCT_NAME = "$(TARGET_NAME)";
				SWIFT_OBJC_BRIDGING_HEADER = "Octarine/Octarine-Bridging-Header.h";
			};
			name = Release;
		};
		95E5B3561C8BB2F20099F479 /* Debug */ = {
			isa = XCBuildConfiguration;
			buildSettings = {
				BUNDLE_LOADER = "$(TEST_HOST)";
				COMBINE_HIDPI_IMAGES = YES;
				INFOPLIST_FILE = OctarineTests/Info.plist;
				LD_RUNPATH_SEARCH_PATHS = "$(inherited) @executable_path/../Frameworks @loader_path/../Frameworks";
				PRODUCT_BUNDLE_IDENTIFIER = org.aereperennius.OctarineTests;
				PRODUCT_NAME = "$(TARGET_NAME)";
				TEST_HOST = "$(BUILT_PRODUCTS_DIR)/Octarine.app/Contents/MacOS/Octarine";
			};
			name = Debug;
		};
		95E5B3571C8BB2F20099F479 /* Release */ = {
			isa = XCBuildConfiguration;
			buildSettings = {
				BUNDLE_LOADER = "$(TEST_HOST)";
				COMBINE_HIDPI_IMAGES = YES;
				INFOPLIST_FILE = OctarineTests/Info.plist;
				LD_RUNPATH_SEARCH_PATHS = "$(inherited) @executable_path/../Frameworks @loader_path/../Frameworks";
				PRODUCT_BUNDLE_IDENTIFIER = org.aereperennius.OctarineTests;
				PRODUCT_NAME = "$(TARGET_NAME)";
				TEST_HOST = "$(BUILT_PRODUCTS_DIR)/Octarine.app/Contents/MacOS/Octarine";
			};
			name = Release;
		};
		95E5B3591C8BB2F20099F479 /* Debug */ = {
			isa = XCBuildConfiguration;
			buildSettings = {
				COMBINE_HIDPI_IMAGES = YES;
				INFOPLIST_FILE = OctarineUITests/Info.plist;
				LD_RUNPATH_SEARCH_PATHS = "$(inherited) @executable_path/../Frameworks @loader_path/../Frameworks";
				PRODUCT_BUNDLE_IDENTIFIER = org.aereperennius.OctarineUITests;
				PRODUCT_NAME = "$(TARGET_NAME)";
				TEST_TARGET_NAME = Octarine;
			};
			name = Debug;
		};
		95E5B35A1C8BB2F20099F479 /* Release */ = {
			isa = XCBuildConfiguration;
			buildSettings = {
				COMBINE_HIDPI_IMAGES = YES;
				INFOPLIST_FILE = OctarineUITests/Info.plist;
				LD_RUNPATH_SEARCH_PATHS = "$(inherited) @executable_path/../Frameworks @loader_path/../Frameworks";
				PRODUCT_BUNDLE_IDENTIFIER = org.aereperennius.OctarineUITests;
				PRODUCT_NAME = "$(TARGET_NAME)";
				TEST_TARGET_NAME = Octarine;
			};
			name = Release;
		};
/* End XCBuildConfiguration section */

/* Begin XCConfigurationList section */
		95E5B3271C8BB2F20099F479 /* Build configuration list for PBXProject "Octarine" */ = {
			isa = XCConfigurationList;
			buildConfigurations = (
				95E5B3501C8BB2F20099F479 /* Debug */,
				95E5B3511C8BB2F20099F479 /* Release */,
			);
			defaultConfigurationIsVisible = 0;
			defaultConfigurationName = Release;
		};
		95E5B3521C8BB2F20099F479 /* Build configuration list for PBXNativeTarget "Octarine" */ = {
			isa = XCConfigurationList;
			buildConfigurations = (
				95E5B3531C8BB2F20099F479 /* Debug */,
				95E5B3541C8BB2F20099F479 /* Release */,
			);
			defaultConfigurationIsVisible = 0;
			defaultConfigurationName = Release;
		};
		95E5B3551C8BB2F20099F479 /* Build configuration list for PBXNativeTarget "OctarineTests" */ = {
			isa = XCConfigurationList;
			buildConfigurations = (
				95E5B3561C8BB2F20099F479 /* Debug */,
				95E5B3571C8BB2F20099F479 /* Release */,
			);
			defaultConfigurationIsVisible = 0;
			defaultConfigurationName = Release;
		};
		95E5B3581C8BB2F20099F479 /* Build configuration list for PBXNativeTarget "OctarineUITests" */ = {
			isa = XCConfigurationList;
			buildConfigurations = (
				95E5B3591C8BB2F20099F479 /* Debug */,
				95E5B35A1C8BB2F20099F479 /* Release */,
			);
			defaultConfigurationIsVisible = 0;
			defaultConfigurationName = Release;
		};
/* End XCConfigurationList section */

/* Begin XCVersionGroup section */
		95E5B3311C8BB2F20099F479 /* Octarine.xcdatamodeld */ = {
			isa = XCVersionGroup;
			children = (
				95E5B3321C8BB2F20099F479 /* Octarine.xcdatamodel */,
			);
			currentVersion = 95E5B3321C8BB2F20099F479 /* Octarine.xcdatamodel */;
			path = Octarine.xcdatamodeld;
			sourceTree = "<group>";
			versionGroupType = wrapper.xcdatamodel;
		};
/* End XCVersionGroup section */
	};
	rootObject = 95E5B3241C8BB2F20099F479 /* Project object */;
}
